
Microsoft Visual Studio Solution File, Format Version 12.00
# Visual Studio Version 17
VisualStudioVersion = 17.8.34525.116
MinimumVisualStudioVersion = 10.0.40219.1
Project("{FAE04EC0-301F-11D3-BF4B-00C04F79EFBC}") = "DZ-22-02 Datagrid view to csv", "DZ-22-02 Datagrid view to csv\DZ-22-02 Datagrid view to csv.csproj", "{0C5FC018-10B4-4F32-9EFE-EB4AEB6879E7}"
EndProject
Global
	GlobalSection(SolutionConfigurationPlatforms) = preSolution
		Debug|Any CPU = Debug|Any CPU
		Release|Any CPU = Release|Any CPU
	EndGlobalSection
	GlobalSection(ProjectConfigurationPlatforms) = postSolution
		{0C5FC018-10B4-4F32-9EFE-EB4AEB6879E7}.Debug|Any CPU.ActiveCfg = Debug|Any CPU
		{0C5FC018-10B4-4F32-9EFE-EB4AEB6879E7}.Debug|Any CPU.Build.0 = Debug|Any CPU
		{0C5FC018-10B4-4F32-9EFE-EB4AEB6879E7}.Release|Any CPU.ActiveCfg = Release|Any CPU
		{0C5FC018-10B4-4F32-9EFE-EB4AEB6879E7}.Release|Any CPU.Build.0 = Release|Any CPU
	EndGlobalSection
	GlobalSection(SolutionProperties) = preSolution
		HideSolutionNode = FALSE
	EndGlobalSection
	GlobalSection(ExtensibilityGlobals) = postSolution
		SolutionGuid = {40CE6623-E744-4668-A80E-26C1557E1674}
	EndGlobalSection
EndGlobal
